{
    "version": 3,
    "terraform_version": "0.11.7",
    "serial": 15,
    "lineage": "6ba78fab-ae2b-4685-b53c-82d64bb2bb09",
    "modules": [
        {
            "path": [
                "root"
            ],
            "outputs": {},
            "resources": {
                "google_compute_address.nginx-ip": {
                    "type": "google_compute_address",
                    "depends_on": [],
                    "primary": {
                        "id": "projects/tidy-centaur-200009/regions/europe-west1/addresses/nginx-ip",
                        "attributes": {
                            "address": "35.195.187.62",
                            "address_type": "EXTERNAL",
                            "id": "projects/tidy-centaur-200009/regions/europe-west1/addresses/nginx-ip",
                            "name": "nginx-ip",
                            "project": "tidy-centaur-200009",
                            "region": "europe-west1",
                            "self_link": "https://www.googleapis.com/compute/v1/projects/tidy-centaur-200009/regions/europe-west1/addresses/nginx-ip",
                            "subnetwork": ""
                        },
                        "meta": {
                            "schema_version": "1"
                        },
                        "tainted": false
                    },
                    "deposed": [],
                    "provider": "provider.google"
                },
                "google_compute_instance.nginx": {
                    "type": "google_compute_instance",
                    "depends_on": [
                        "google_compute_address.nginx-ip"
                    ],
                    "primary": {
                        "id": "nginx",
                        "attributes": {
                            "attached_disk.#": "0",
                            "boot_disk.#": "1",
                            "boot_disk.0.auto_delete": "true",
                            "boot_disk.0.device_name": "persistent-disk-0",
                            "boot_disk.0.disk_encryption_key_raw": "",
                            "boot_disk.0.disk_encryption_key_sha256": "",
                            "boot_disk.0.initialize_params.#": "1",
                            "boot_disk.0.initialize_params.0.image": "https://www.googleapis.com/compute/v1/projects/ubuntu-os-cloud/global/images/ubuntu-1704-zesty-v20171208",
                            "boot_disk.0.initialize_params.0.size": "10",
                            "boot_disk.0.initialize_params.0.type": "pd-standard",
                            "boot_disk.0.source": "https://www.googleapis.com/compute/v1/projects/tidy-centaur-200009/zones/europe-west1-b/disks/nginx",
                            "can_ip_forward": "false",
                            "cpu_platform": "Intel Skylake",
                            "create_timeout": "4",
                            "deletion_protection": "false",
                            "guest_accelerator.#": "0",
                            "id": "nginx",
                            "instance_id": "4172750559250819009",
                            "label_fingerprint": "42WmSpB8rSM=",
                            "machine_type": "n1-standard-1",
                            "metadata.%": "0",
                            "metadata_fingerprint": "ItlEu2Dgv8A=",
                            "metadata_startup_script": "",
                            "min_cpu_platform": "",
                            "name": "nginx",
                            "network_interface.#": "1",
                            "network_interface.0.access_config.#": "1",
                            "network_interface.0.access_config.0.assigned_nat_ip": "35.195.187.62",
                            "network_interface.0.access_config.0.nat_ip": "35.195.187.62",
                            "network_interface.0.address": "10.132.0.2",
                            "network_interface.0.alias_ip_range.#": "0",
                            "network_interface.0.name": "nic0",
                            "network_interface.0.network": "https://www.googleapis.com/compute/v1/projects/tidy-centaur-200009/global/networks/default",
                            "network_interface.0.network_ip": "10.132.0.2",
                            "network_interface.0.subnetwork": "https://www.googleapis.com/compute/v1/projects/tidy-centaur-200009/regions/europe-west1/subnetworks/default",
                            "network_interface.0.subnetwork_project": "tidy-centaur-200009",
                            "project": "tidy-centaur-200009",
                            "scheduling.#": "1",
                            "scheduling.0.automatic_restart": "true",
                            "scheduling.0.on_host_maintenance": "MIGRATE",
                            "scheduling.0.preemptible": "false",
                            "scratch_disk.#": "0",
                            "self_link": "https://www.googleapis.com/compute/v1/projects/tidy-centaur-200009/zones/europe-west1-b/instances/nginx",
                            "service_account.#": "0",
                            "tags.#": "0",
                            "tags_fingerprint": "42WmSpB8rSM=",
                            "zone": "europe-west1-b"
                        },
                        "meta": {
                            "e2bfb730-ecaa-11e6-8f88-34363bc7c4c0": {
                                "create": 360000000000,
                                "delete": 360000000000,
                                "update": 360000000000
                            },
                            "schema_version": "6"
                        },
                        "tainted": false
                    },
                    "deposed": [],
                    "provider": "provider.google"
                }
            },
            "depends_on": []
        }
    ]
}
